// !$*UTF8*$!
{
	archiveVersion = 1;
	classes = {
	};
	objectVersion = 46;
	objects = {

/* Begin PBXBuildFile section */
		956CCF8F1AE42B6D0080C2B4 /* main.cpp in Sources */ = {isa = PBXBuildFile; fileRef = 956CCF8E1AE42B6D0080C2B4 /* main.cpp */; };
/* End PBXBuildFile section */

/* Begin PBXCopyFilesBuildPhase section */
		956CCF891AE42B6D0080C2B4 /* CopyFiles */ = {
			isa = PBXCopyFilesBuildPhase;
			buildActionMask = 2147483647;
			dstPath = /usr/share/man/man1/;
			dstSubfolderSpec = 0;
			files = (
			);
			runOnlyForDeploymentPostprocessing = 1;
		};
/* End PBXCopyFilesBuildPhase section */

/* Begin PBXFileReference section */
		956CCF8B1AE42B6D0080C2B4 /* Treap */ = {isa = PBXFileReference; explicitFileType = "compiled.mach-o.executable"; includeInIndex = 0; path = Treap; sourceTree = BUILT_PRODUCTS_DIR; };
		956CCF8E1AE42B6D0080C2B4 /* main.cpp */ = {isa = PBXFileReference; lastKnownFileType = sourcecode.cpp.cpp; path = main.cpp; sourceTree = "<group>"; };
		956CCF961AE42B770080C2B4 /* Treap.h */ = {isa = PBXFileReference; fileEncoding = 4; lastKnownFileType = sourcecode.c.h; path = Treap.h; sourceTree = SOURCE_ROOT; };
		956CCFAB1AE4F1640080C2B4 /* NaiveBST.h */ = {isa = PBXFileReference; fileEncoding = 4; lastKnownFileType = sourcecode.c.h; name = NaiveBST.h; path = ../../NaiveBST/NaiveBST/NaiveBST.h; sourceTree = "<group>"; };
/* End PBXFileReference section */

/* Begin PBXFrameworksBuildPhase section */
		956CCF881AE42B6D0080C2B4 /* Frameworks */ = {
			isa = PBXFrameworksBuildPhase;
			buildActionMask = 2147483647;
			files = (
			);
			runOnlyForDeploymentPostprocessing = 0;
		};
/* End PBXFrameworksBuildPhase section */

/* Begin PBXGroup section */
		956CCF821AE42B6D0080C2B4 = {
			isa = PBXGroup;
			children = (
				956CCF8D1AE42B6D0080C2B4 /* Treap */,
				956CCF8C1AE42B6D0080C2B4 /* Products */,
			);
			sourceTree = "<group>";
		};
		956CCF8C1AE42B6D0080C2B4 /* Products */ = {
			isa = PBXGroup;
			children = (
				956CCF8B1AE42B6D0080C2B4 /* Treap */,
			);
			name = Products;
			sourceTree = "<group>";
		};
		956CCF8D1AE42B6D0080C2B4 /* Treap */ = {
			isa = PBXGroup;
			children = (
				956CCF961AE42B770080C2B4 /* Treap.h */,
				956CCFAB1AE4F1640080C2B4 /* NaiveBST.h */,
				956CCF8E1AE42B6D0080C2B4 /* main.cpp */,
			);
			path = Treap;
			sourceTree = "<group>";
		};
/* End PBXGroup section */

/* Begin PBXNativeTarget section */
		956CCF8A1AE42B6D0080C2B4 /* Treap */ = {
			isa = PBXNativeTarget;
			buildConfigurationList = 956CCF921AE42B6D0080C2B4 /* Build configuration list for PBXNativeTarget "Treap" */;
			buildPhases = (
				956CCF871AE42B6D0080C2B4 /* Sources */,
				956CCF881AE42B6D0080C2B4 /* Frameworks */,
				956CCF891AE42B6D0080C2B4 /* CopyFiles */,
			);
			buildRules = (
			);
			dependencies = (
			);
			name = Treap;
			productName = Treap;
			productReference = 956CCF8B1AE42B6D0080C2B4 /* Treap */;
			productType = "com.apple.product-type.tool";
		};
/* End PBXNativeTarget section */

/* Begin PBXProject section */
		956CCF831AE42B6D0080C2B4 /* Project object */ = {
			isa = PBXProject;
			attributes = {
				LastUpgradeCheck = 0630;
				ORGANIZATIONNAME = SecurityQQ;
				TargetAttributes = {
					956CCF8A1AE42B6D0080C2B4 = {
						CreatedOnToolsVersion = 6.3;
					};
				};
			};
			buildConfigurationList = 956CCF861AE42B6D0080C2B4 /* Build configuration list for PBXProject "Treap" */;
			compatibilityVersion = "Xcode 3.2";
			developmentRegion = English;
			hasScannedForEncodings = 0;
			knownRegions = (
				en,
			);
			mainGroup = 956CCF821AE42B6D0080C2B4;
			productRefGroup = 956CCF8C1AE42B6D0080C2B4 /* Products */;
			projectDirPath = "";
			projectRoot = "";
			targets = (
				956CCF8A1AE42B6D0080C2B4 /* Treap */,
			);
		};
/* End PBXProject section */

/* Begin PBXSourcesBuildPhase section */
		956CCF871AE42B6D0080C2B4 /* Sources */ = {
			isa = PBXSourcesBuildPhase;
			buildActionMask = 2147483647;
			files = (
				956CCF8F1AE42B6D0080C2B4 /* main.cpp in Sources */,
			);
			runOnlyForDeploymentPostprocessing = 0;
		};
/* End PBXSourcesBuildPhase section */

/* Begin XCBuildConfiguration section */
		956CCF901AE42B6D0080C2B4 /* Debug */ = {
			isa = XCBuildConfiguration;
			buildSettings = {
				ALWAYS_SEARCH_USER_PATHS = NO;
				CLANG_CXX_LANGUAGE_STANDARD = "gnu++0x";
				CLANG_CXX_LIBRARY = "libc++";
				CLANG_ENABLE_MODULES = YES;
				CLANG_ENABLE_OBJC_ARC = YES;
				CLANG_WARN_BOOL_CONVERSION = YES;
				CLANG_WARN_CONSTANT_CONVERSION = YES;
				CLANG_WARN_DIRECT_OBJC_ISA_USAGE = YES_ERROR;
				CLANG_WARN_EMPTY_BODY = YES;
				CLANG_WARN_ENUM_CONVERSION = YES;
				CLANG_WARN_INT_CONVERSION = YES;
				CLANG_WARN_OBJC_ROOT_CLASS = YES_ERROR;
				CLANG_WARN_UNREACHABLE_CODE = YES;
				CLANG_WARN__DUPLICATE_METHOD_MATCH = YES;
				COPY_PHASE_STRIP = NO;
				DEBUG_INFORMATION_FORMAT = dwarf;
				ENABLE_STRICT_OBJC_MSGSEND = YES;
				GCC_C_LANGUAGE_STANDARD = gnu99;
				GCC_DYNAMIC_NO_PIC = NO;
				GCC_NO_COMMON_BLOCKS = YES;
				GCC_OPTIMIZATION_LEVEL = 0;
				GCC_PREPROCESSOR_DEFINITIONS = (
					"DEBUG=1",
					"$(inherited)",
				);
				GCC_SYMBOLS_PRIVATE_EXTERN = NO;
				GCC_WARN_64_TO_32_BIT_CONVERSION = YES;
				GCC_WARN_ABOUT_RETURN_TYPE = YES_ERROR;
				GCC_WARN_UNDECLARED_SELECTOR = YES;
				GCC_WARN_UNINITIALIZED_AUTOS = YES_AGGRESSIVE;
				GCC_WARN_UNUSED_FUNCTION = YES;
				GCC_WARN_UNUSED_VARIABLE = YES;
				MACOSX_DEPLOYMENT_TARGET = 10.10;
				MTL_ENABLE_DEBUG_INFO = YES;
				ONLY_ACTIVE_ARCH = YES;
				SDKROOT = macosx;
			};
			name = Debug;
		};
		956CCF911AE42B6D0080C2B4 /* Release */ = {
			isa = XCBuildConfiguration;
			buildSettings = {
				ALWAYS_SEARCH_USER_PATHS = NO;
				CLANG_CXX_LANGUAGE_STANDARD = "gnu++0x";
				CLANG_CXX_LIBRARY = "libc++";
				CLANG_ENABLE_MODULES = YES;
				CLANG_ENABLE_OBJC_ARC = YES;
				CLANG_WARN_BOOL_CONVERSION = YES;
				CLANG_WARN_CONSTANT_CONVERSION = YES;
				CLANG_WARN_DIRECT_OBJC_ISA_USAGE = YES_ERROR;
				CLANG_WARN_EMPTY_BODY = YES;
				CLANG_WARN_ENUM_CONVERSION = YES;
				CLANG_WARN_INT_CONVERSION = YES;
				CLANG_WARN_OBJC_ROOT_CLASS = YES_ERROR;
				CLANG_WARN_UNREACHABLE_CODE = YES;
				CLANG_WARN__DUPLICATE_METHOD_MATCH = YES;
				COPY_PHASE_STRIP = NO;
				DEBUG_INFORMATION_FORMAT = "dwarf-with-dsym";
				ENABLE_NS_ASSERTIONS = NO;
				ENABLE_STRICT_OBJC_MSGSEND = YES;
				GCC_C_LANGUAGE_STANDARD = gnu99;
				GCC_NO_COMMON_BLOCKS = YES;
				GCC_WARN_64_TO_32_BIT_CONVERSION = YES;
				GCC_WARN_ABOUT_RETURN_TYPE = YES_ERROR;
				GCC_WARN_UNDECLARED_SELECTOR = YES;
				GCC_WARN_UNINITIALIZED_AUTOS = YES_AGGRESSIVE;
				GCC_WARN_UNUSED_FUNCTION = YES;
				GCC_WARN_UNUSED_VARIABLE = YES;
				MACOSX_DEPLOYMENT_TARGET = 10.10;
				MTL_ENABLE_DEBUG_INFO = NO;
				SDKROOT = macosx;
			};
			name = Release;
		};
		956CCF931AE42B6D0080C2B4 /* Debug */ = {
			isa = XCBuildConfiguration;
			buildSettings = {
				PRODUCT_NAME = "$(TARGET_NAME)";
			};
			name = Debug;
		};
		956CCF941AE42B6D0080C2B4 /* Release */ = {
			isa = XCBuildConfiguration;
			buildSettings = {
				PRODUCT_NAME = "$(TARGET_NAME)";
			};
			name = Release;
		};
/* End XCBuildConfiguration section */

/* Begin XCConfigurationList section */
		956CCF861AE42B6D0080C2B4 /* Build configuration list for PBXProject "Treap" */ = {
			isa = XCConfigurationList;
			buildConfigurations = (
				956CCF901AE42B6D0080C2B4 /* Debug */,
				956CCF911AE42B6D0080C2B4 /* Release */,
			);
			defaultConfigurationIsVisible = 0;
			defaultConfigurationName = Release;
		};
		956CCF921AE42B6D0080C2B4 /* Build configuration list for PBXNativeTarget "Treap" */ = {
			isa = XCConfigurationList;
			buildConfigurations = (
				956CCF931AE42B6D0080C2B4 /* Debug */,
				956CCF941AE42B6D0080C2B4 /* Release */,
			);
			defaultConfigurationIsVisible = 0;
		};
/* End XCConfigurationList section */
	};
	rootObject = 956CCF831AE42B6D0080C2B4 /* Project object */;
}
